
Microsoft Visual Studio Solution File, Format Version 12.00
# Visual Studio 15
VisualStudioVersion = 15.0.27428.2043
MinimumVisualStudioVersion = 10.0.40219.1
Project("{FAE04EC0-301F-11D3-BF4B-00C04F79EFBC}") = "ArcadeControlPanel", "ArcadeControlPanel\ArcadeControlPanel.csproj", "{29208D03-F685-40E2-8A09-91A6D9C56112}"
EndProject
Global
	GlobalSection(SolutionConfigurationPlatforms) = preSolution
		Debug|Any CPU = Debug|Any CPU
		Release|Any CPU = Release|Any CPU
	EndGlobalSection
	GlobalSection(ProjectConfigurationPlatforms) = postSolution
		{29208D03-F685-40E2-8A09-91A6D9C56112}.Debug|Any CPU.ActiveCfg = Debug|Any CPU
		{29208D03-F685-40E2-8A09-91A6D9C56112}.Debug|Any CPU.Build.0 = Debug|Any CPU
		{29208D03-F685-40E2-8A09-91A6D9C56112}.Release|Any CPU.ActiveCfg = Release|Any CPU
		{29208D03-F685-40E2-8A09-91A6D9C56112}.Release|Any CPU.Build.0 = Release|Any CPU
	EndGlobalSection
	GlobalSection(SolutionProperties) = preSolution
		HideSolutionNode = FALSE
	EndGlobalSection
	GlobalSection(ExtensibilityGlobals) = postSolution
		SolutionGuid = {F4C0D5A4-07CE-4353-A356-2E6476983885}
	EndGlobalSection
EndGlobal
